
Microsoft Visual Studio Solution File, Format Version 12.00
# Visual Studio Version 17
Project("{2150E333-8FDC-42A3-9474-1A3956D46DE8}") = "CMakePredefinedTargets", "CMakePredefinedTargets", "{259AB5DD-D9E0-3058-917E-25FD5E777C1E}"
EndProject
Project("{2150E333-8FDC-42A3-9474-1A3956D46DE8}") = "Data copy", "Data copy", "{3D8F57C4-95EB-38FB-BBB6-D9EFD53B5633}"
EndProject
Project("{2150E333-8FDC-42A3-9474-1A3956D46DE8}") = "Demos", "Demos", "{C8AFF807-7A1C-3894-B3A2-3134E5371AC0}"
EndProject
Project("{2150E333-8FDC-42A3-9474-1A3956D46DE8}") = "External Dependencies", "External Dependencies", "{949F409E-74C2-3C92-83BA-866653BC59A8}"
EndProject
Project("{2150E333-8FDC-42A3-9474-1A3956D46DE8}") = "GLFW3", "External Dependencies\GLFW3", "{B95E9599-3957-3A70-BB05-3CA5E622263A}"
EndProject
Project("{2150E333-8FDC-42A3-9474-1A3956D46DE8}") = "ExternalProjectTargets", "ExternalProjectTargets", "{572C036D-0172-3D7B-81A6-9CC07EB34D73}"
EndProject
Project("{2150E333-8FDC-42A3-9474-1A3956D46DE8}") = "Ext_Discregrid", "ExternalProjectTargets\Ext_Discregrid", "{024A87B7-CD9A-3120-AF55-91320064C023}"
EndProject
Project("{2150E333-8FDC-42A3-9474-1A3956D46DE8}") = "Ext_GenericParameters", "ExternalProjectTargets\Ext_GenericParameters", "{1AD70DF0-01B6-376B-BB09-C15A025FE088}"
EndProject
Project("{8BC9CEB8-8B4A-11D0-8D11-00A0C91BC942}") = "ALL_BUILD", "ALL_BUILD.vcxproj", "{EB7B005B-F01E-3B49-99A5-CBAD80D964E8}"
	ProjectSection(ProjectDependencies) = postProject
		{E3333157-84E0-3282-A117-665EC6EC2ACA} = {E3333157-84E0-3282-A117-665EC6EC2ACA}
		{636554A4-E505-324E-A4DD-52E591EAF4D4} = {636554A4-E505-324E-A4DD-52E591EAF4D4}
		{C37A8380-F62C-33C6-A501-584DA36AB3E8} = {C37A8380-F62C-33C6-A501-584DA36AB3E8}
		{01621665-48B2-30A3-B770-D08A2AA89697} = {01621665-48B2-30A3-B770-D08A2AA89697}
		{DDB826C8-6FF3-3BC5-8153-2A8C79EF7130} = {DDB826C8-6FF3-3BC5-8153-2A8C79EF7130}
		{4FBC4B26-AD5F-3FFC-AB9C-BF996DAD762D} = {4FBC4B26-AD5F-3FFC-AB9C-BF996DAD762D}
		{1EEC5F24-BB0A-3855-A503-26BC98D30835} = {1EEC5F24-BB0A-3855-A503-26BC98D30835}
		{D07A56B4-EC7F-3400-87BF-ABE9C621E324} = {D07A56B4-EC7F-3400-87BF-ABE9C621E324}
		{FCFD396A-3804-3935-83D5-12CD26FA9119} = {FCFD396A-3804-3935-83D5-12CD26FA9119}
		{46AD492A-B939-3755-977C-F981DEC2EA1E} = {46AD492A-B939-3755-977C-F981DEC2EA1E}
		{250D239F-13E7-3512-9AC4-79C773A212AA} = {250D239F-13E7-3512-9AC4-79C773A212AA}
		{44E81FCB-1DA7-32B8-8BC8-288C08D70553} = {44E81FCB-1DA7-32B8-8BC8-288C08D70553}
		{F9DC782C-3419-3AFC-870E-B6FF76A01B95} = {F9DC782C-3419-3AFC-870E-B6FF76A01B95}
		{FFE266AD-3802-3D36-ACEB-849D390D1A7C} = {FFE266AD-3802-3D36-ACEB-849D390D1A7C}
		{92B59793-8260-3A22-8554-50ACE5956EDF} = {92B59793-8260-3A22-8554-50ACE5956EDF}
		{898AD603-9CA7-3327-BEF8-94A13B456249} = {898AD603-9CA7-3327-BEF8-94A13B456249}
		{183EEA3F-C495-3202-9664-E2A9265C5110} = {183EEA3F-C495-3202-9664-E2A9265C5110}
		{15849A60-93C2-3199-9730-485D63D0C946} = {15849A60-93C2-3199-9730-485D63D0C946}
		{62B23F2E-E3C0-39AF-8B17-058D82A0700F} = {62B23F2E-E3C0-39AF-8B17-058D82A0700F}
		{E626181B-BB40-3DC3-BFD4-2F497C4CBFDF} = {E626181B-BB40-3DC3-BFD4-2F497C4CBFDF}
		{D825FD5F-294E-3B8B-A7C5-6D0EB01ED7D7} = {D825FD5F-294E-3B8B-A7C5-6D0EB01ED7D7}
		{478CEAAF-7358-3B7B-9892-9852563114AC} = {478CEAAF-7358-3B7B-9892-9852563114AC}
		{680F0673-29A3-3578-B89B-53674965142F} = {680F0673-29A3-3578-B89B-53674965142F}
		{332F7BDB-CF75-3853-924A-1DF7A0CF9A96} = {332F7BDB-CF75-3853-924A-1DF7A0CF9A96}
		{52C93DE9-476F-35ED-82C1-744A7759315F} = {52C93DE9-476F-35ED-82C1-744A7759315F}
		{29A6C9B8-7FE9-3B22-80DD-D26AFB847722} = {29A6C9B8-7FE9-3B22-80DD-D26AFB847722}
		{D0603846-9F66-3E15-88F9-2E2B97015E68} = {D0603846-9F66-3E15-88F9-2E2B97015E68}
		{A12B6F80-66A3-3234-B9D8-B8E896EEE56C} = {A12B6F80-66A3-3234-B9D8-B8E896EEE56C}
	EndProjectSection
EndProject
Project("{8BC9CEB8-8B4A-11D0-8D11-00A0C91BC942}") = "BarDemo", "Demos\BarDemo\BarDemo.vcxproj", "{E3333157-84E0-3282-A117-665EC6EC2ACA}"
	ProjectSection(ProjectDependencies) = postProject
		{3F827C1B-9AD5-359E-B13E-B1CB2CB01D16} = {3F827C1B-9AD5-359E-B13E-B1CB2CB01D16}
		{F1CDB396-6637-3F73-A881-B7D0F9215FD4} = {F1CDB396-6637-3F73-A881-B7D0F9215FD4}
		{46AD492A-B939-3755-977C-F981DEC2EA1E} = {46AD492A-B939-3755-977C-F981DEC2EA1E}
		{898AD603-9CA7-3327-BEF8-94A13B456249} = {898AD603-9CA7-3327-BEF8-94A13B456249}
		{680F0673-29A3-3578-B89B-53674965142F} = {680F0673-29A3-3578-B89B-53674965142F}
		{52C93DE9-476F-35ED-82C1-744A7759315F} = {52C93DE9-476F-35ED-82C1-744A7759315F}
		{29A6C9B8-7FE9-3B22-80DD-D26AFB847722} = {29A6C9B8-7FE9-3B22-80DD-D26AFB847722}
		{D0603846-9F66-3E15-88F9-2E2B97015E68} = {D0603846-9F66-3E15-88F9-2E2B97015E68}
		{A12B6F80-66A3-3234-B9D8-B8E896EEE56C} = {A12B6F80-66A3-3234-B9D8-B8E896EEE56C}
	EndProjectSection
EndProject
Project("{8BC9CEB8-8B4A-11D0-8D11-00A0C91BC942}") = "ChainDemo", "Demos\RigidBodyDemos\ChainDemo.vcxproj", "{636554A4-E505-324E-A4DD-52E591EAF4D4}"
	ProjectSection(ProjectDependencies) = postProject
		{3F827C1B-9AD5-359E-B13E-B1CB2CB01D16} = {3F827C1B-9AD5-359E-B13E-B1CB2CB01D16}
		{5D78291A-6DAA-313B-A7BE-5CDB2985DDF2} = {5D78291A-6DAA-313B-A7BE-5CDB2985DDF2}
		{F1CDB396-6637-3F73-A881-B7D0F9215FD4} = {F1CDB396-6637-3F73-A881-B7D0F9215FD4}
		{46AD492A-B939-3755-977C-F981DEC2EA1E} = {46AD492A-B939-3755-977C-F981DEC2EA1E}
		{898AD603-9CA7-3327-BEF8-94A13B456249} = {898AD603-9CA7-3327-BEF8-94A13B456249}
		{680F0673-29A3-3578-B89B-53674965142F} = {680F0673-29A3-3578-B89B-53674965142F}
		{52C93DE9-476F-35ED-82C1-744A7759315F} = {52C93DE9-476F-35ED-82C1-744A7759315F}
		{29A6C9B8-7FE9-3B22-80DD-D26AFB847722} = {29A6C9B8-7FE9-3B22-80DD-D26AFB847722}
		{D0603846-9F66-3E15-88F9-2E2B97015E68} = {D0603846-9F66-3E15-88F9-2E2B97015E68}
		{A12B6F80-66A3-3234-B9D8-B8E896EEE56C} = {A12B6F80-66A3-3234-B9D8-B8E896EEE56C}
	EndProjectSection
EndProject
Project("{8BC9CEB8-8B4A-11D0-8D11-00A0C91BC942}") = "ClothCollisionDemo", "Demos\DistanceFieldDemos\ClothCollisionDemo.vcxproj", "{C37A8380-F62C-33C6-A501-584DA36AB3E8}"
	ProjectSection(ProjectDependencies) = postProject
		{3F827C1B-9AD5-359E-B13E-B1CB2CB01D16} = {3F827C1B-9AD5-359E-B13E-B1CB2CB01D16}
		{5D78291A-6DAA-313B-A7BE-5CDB2985DDF2} = {5D78291A-6DAA-313B-A7BE-5CDB2985DDF2}
		{F1CDB396-6637-3F73-A881-B7D0F9215FD4} = {F1CDB396-6637-3F73-A881-B7D0F9215FD4}
		{46AD492A-B939-3755-977C-F981DEC2EA1E} = {46AD492A-B939-3755-977C-F981DEC2EA1E}
		{898AD603-9CA7-3327-BEF8-94A13B456249} = {898AD603-9CA7-3327-BEF8-94A13B456249}
		{680F0673-29A3-3578-B89B-53674965142F} = {680F0673-29A3-3578-B89B-53674965142F}
		{52C93DE9-476F-35ED-82C1-744A7759315F} = {52C93DE9-476F-35ED-82C1-744A7759315F}
		{29A6C9B8-7FE9-3B22-80DD-D26AFB847722} = {29A6C9B8-7FE9-3B22-80DD-D26AFB847722}
		{D0603846-9F66-3E15-88F9-2E2B97015E68} = {D0603846-9F66-3E15-88F9-2E2B97015E68}
		{A12B6F80-66A3-3234-B9D8-B8E896EEE56C} = {A12B6F80-66A3-3234-B9D8-B8E896EEE56C}
	EndProjectSection
EndProject
Project("{8BC9CEB8-8B4A-11D0-8D11-00A0C91BC942}") = "ClothDemo", "Demos\ClothDemo\ClothDemo.vcxproj", "{01621665-48B2-30A3-B770-D08A2AA89697}"
	ProjectSection(ProjectDependencies) = postProject
		{3F827C1B-9AD5-359E-B13E-B1CB2CB01D16} = {3F827C1B-9AD5-359E-B13E-B1CB2CB01D16}
		{F1CDB396-6637-3F73-A881-B7D0F9215FD4} = {F1CDB396-6637-3F73-A881-B7D0F9215FD4}
		{46AD492A-B939-3755-977C-F981DEC2EA1E} = {46AD492A-B939-3755-977C-F981DEC2EA1E}
		{898AD603-9CA7-3327-BEF8-94A13B456249} = {898AD603-9CA7-3327-BEF8-94A13B456249}
		{680F0673-29A3-3578-B89B-53674965142F} = {680F0673-29A3-3578-B89B-53674965142F}
		{52C93DE9-476F-35ED-82C1-744A7759315F} = {52C93DE9-476F-35ED-82C1-744A7759315F}
		{29A6C9B8-7FE9-3B22-80DD-D26AFB847722} = {29A6C9B8-7FE9-3B22-80DD-D26AFB847722}
		{D0603846-9F66-3E15-88F9-2E2B97015E68} = {D0603846-9F66-3E15-88F9-2E2B97015E68}
		{A12B6F80-66A3-3234-B9D8-B8E896EEE56C} = {A12B6F80-66A3-3234-B9D8-B8E896EEE56C}
	EndProjectSection
EndProject
Project("{8BC9CEB8-8B4A-11D0-8D11-00A0C91BC942}") = "CopyImguiFonts", "CopyImguiFonts.vcxproj", "{3F827C1B-9AD5-359E-B13E-B1CB2CB01D16}"
	ProjectSection(ProjectDependencies) = postProject
		{29A6C9B8-7FE9-3B22-80DD-D26AFB847722} = {29A6C9B8-7FE9-3B22-80DD-D26AFB847722}
	EndProjectSection
EndProject
Project("{8BC9CEB8-8B4A-11D0-8D11-00A0C91BC942}") = "CopyPBDModels", "CopyPBDModels.vcxproj", "{5D78291A-6DAA-313B-A7BE-5CDB2985DDF2}"
	ProjectSection(ProjectDependencies) = postProject
		{29A6C9B8-7FE9-3B22-80DD-D26AFB847722} = {29A6C9B8-7FE9-3B22-80DD-D26AFB847722}
	EndProjectSection
EndProject
Project("{8BC9CEB8-8B4A-11D0-8D11-00A0C91BC942}") = "CopyPBDScenes", "CopyPBDScenes.vcxproj", "{620594E2-2C6F-3155-B0C2-D20BF907C878}"
	ProjectSection(ProjectDependencies) = postProject
		{29A6C9B8-7FE9-3B22-80DD-D26AFB847722} = {29A6C9B8-7FE9-3B22-80DD-D26AFB847722}
	EndProjectSection
EndProject
Project("{8BC9CEB8-8B4A-11D0-8D11-00A0C91BC942}") = "CopyPBDShaders", "CopyPBDShaders.vcxproj", "{F1CDB396-6637-3F73-A881-B7D0F9215FD4}"
	ProjectSection(ProjectDependencies) = postProject
		{29A6C9B8-7FE9-3B22-80DD-D26AFB847722} = {29A6C9B8-7FE9-3B22-80DD-D26AFB847722}
	EndProjectSection
EndProject
Project("{8BC9CEB8-8B4A-11D0-8D11-00A0C91BC942}") = "CosseratRodsDemo", "Demos\CosseratRodsDemo\CosseratRodsDemo.vcxproj", "{DDB826C8-6FF3-3BC5-8153-2A8C79EF7130}"
	ProjectSection(ProjectDependencies) = postProject
		{3F827C1B-9AD5-359E-B13E-B1CB2CB01D16} = {3F827C1B-9AD5-359E-B13E-B1CB2CB01D16}
		{F1CDB396-6637-3F73-A881-B7D0F9215FD4} = {F1CDB396-6637-3F73-A881-B7D0F9215FD4}
		{46AD492A-B939-3755-977C-F981DEC2EA1E} = {46AD492A-B939-3755-977C-F981DEC2EA1E}
		{898AD603-9CA7-3327-BEF8-94A13B456249} = {898AD603-9CA7-3327-BEF8-94A13B456249}
		{680F0673-29A3-3578-B89B-53674965142F} = {680F0673-29A3-3578-B89B-53674965142F}
		{52C93DE9-476F-35ED-82C1-744A7759315F} = {52C93DE9-476F-35ED-82C1-744A7759315F}
		{29A6C9B8-7FE9-3B22-80DD-D26AFB847722} = {29A6C9B8-7FE9-3B22-80DD-D26AFB847722}
		{D0603846-9F66-3E15-88F9-2E2B97015E68} = {D0603846-9F66-3E15-88F9-2E2B97015E68}
		{A12B6F80-66A3-3234-B9D8-B8E896EEE56C} = {A12B6F80-66A3-3234-B9D8-B8E896EEE56C}
	EndProjectSection
EndProject
Project("{8BC9CEB8-8B4A-11D0-8D11-00A0C91BC942}") = "DeformableCollisionDemo", "Demos\DistanceFieldDemos\DeformableCollisionDemo.vcxproj", "{4FBC4B26-AD5F-3FFC-AB9C-BF996DAD762D}"
	ProjectSection(ProjectDependencies) = postProject
		{3F827C1B-9AD5-359E-B13E-B1CB2CB01D16} = {3F827C1B-9AD5-359E-B13E-B1CB2CB01D16}
		{5D78291A-6DAA-313B-A7BE-5CDB2985DDF2} = {5D78291A-6DAA-313B-A7BE-5CDB2985DDF2}
		{F1CDB396-6637-3F73-A881-B7D0F9215FD4} = {F1CDB396-6637-3F73-A881-B7D0F9215FD4}
		{46AD492A-B939-3755-977C-F981DEC2EA1E} = {46AD492A-B939-3755-977C-F981DEC2EA1E}
		{898AD603-9CA7-3327-BEF8-94A13B456249} = {898AD603-9CA7-3327-BEF8-94A13B456249}
		{680F0673-29A3-3578-B89B-53674965142F} = {680F0673-29A3-3578-B89B-53674965142F}
		{52C93DE9-476F-35ED-82C1-744A7759315F} = {52C93DE9-476F-35ED-82C1-744A7759315F}
		{29A6C9B8-7FE9-3B22-80DD-D26AFB847722} = {29A6C9B8-7FE9-3B22-80DD-D26AFB847722}
		{D0603846-9F66-3E15-88F9-2E2B97015E68} = {D0603846-9F66-3E15-88F9-2E2B97015E68}
		{A12B6F80-66A3-3234-B9D8-B8E896EEE56C} = {A12B6F80-66A3-3234-B9D8-B8E896EEE56C}
	EndProjectSection
EndProject
Project("{8BC9CEB8-8B4A-11D0-8D11-00A0C91BC942}") = "DirectPositionBasedSolverForStiffRodsDemo", "Demos\StiffRodsDemos\DirectPositionBasedSolverForStiffRodsDemo.vcxproj", "{1EEC5F24-BB0A-3855-A503-26BC98D30835}"
	ProjectSection(ProjectDependencies) = postProject
		{3F827C1B-9AD5-359E-B13E-B1CB2CB01D16} = {3F827C1B-9AD5-359E-B13E-B1CB2CB01D16}
		{5D78291A-6DAA-313B-A7BE-5CDB2985DDF2} = {5D78291A-6DAA-313B-A7BE-5CDB2985DDF2}
		{620594E2-2C6F-3155-B0C2-D20BF907C878} = {620594E2-2C6F-3155-B0C2-D20BF907C878}
		{F1CDB396-6637-3F73-A881-B7D0F9215FD4} = {F1CDB396-6637-3F73-A881-B7D0F9215FD4}
		{FCFD396A-3804-3935-83D5-12CD26FA9119} = {FCFD396A-3804-3935-83D5-12CD26FA9119}
		{46AD492A-B939-3755-977C-F981DEC2EA1E} = {46AD492A-B939-3755-977C-F981DEC2EA1E}
		{92B59793-8260-3A22-8554-50ACE5956EDF} = {92B59793-8260-3A22-8554-50ACE5956EDF}
		{898AD603-9CA7-3327-BEF8-94A13B456249} = {898AD603-9CA7-3327-BEF8-94A13B456249}
		{680F0673-29A3-3578-B89B-53674965142F} = {680F0673-29A3-3578-B89B-53674965142F}
		{52C93DE9-476F-35ED-82C1-744A7759315F} = {52C93DE9-476F-35ED-82C1-744A7759315F}
		{29A6C9B8-7FE9-3B22-80DD-D26AFB847722} = {29A6C9B8-7FE9-3B22-80DD-D26AFB847722}
		{D0603846-9F66-3E15-88F9-2E2B97015E68} = {D0603846-9F66-3E15-88F9-2E2B97015E68}
		{A12B6F80-66A3-3234-B9D8-B8E896EEE56C} = {A12B6F80-66A3-3234-B9D8-B8E896EEE56C}
	EndProjectSection
EndProject
Project("{8BC9CEB8-8B4A-11D0-8D11-00A0C91BC942}") = "ElasticRodDemo", "Demos\PositionBasedElasticRodsDemo\ElasticRodDemo.vcxproj", "{D07A56B4-EC7F-3400-87BF-ABE9C621E324}"
	ProjectSection(ProjectDependencies) = postProject
		{3F827C1B-9AD5-359E-B13E-B1CB2CB01D16} = {3F827C1B-9AD5-359E-B13E-B1CB2CB01D16}
		{F1CDB396-6637-3F73-A881-B7D0F9215FD4} = {F1CDB396-6637-3F73-A881-B7D0F9215FD4}
		{46AD492A-B939-3755-977C-F981DEC2EA1E} = {46AD492A-B939-3755-977C-F981DEC2EA1E}
		{898AD603-9CA7-3327-BEF8-94A13B456249} = {898AD603-9CA7-3327-BEF8-94A13B456249}
		{680F0673-29A3-3578-B89B-53674965142F} = {680F0673-29A3-3578-B89B-53674965142F}
		{52C93DE9-476F-35ED-82C1-744A7759315F} = {52C93DE9-476F-35ED-82C1-744A7759315F}
		{29A6C9B8-7FE9-3B22-80DD-D26AFB847722} = {29A6C9B8-7FE9-3B22-80DD-D26AFB847722}
		{D0603846-9F66-3E15-88F9-2E2B97015E68} = {D0603846-9F66-3E15-88F9-2E2B97015E68}
		{A12B6F80-66A3-3234-B9D8-B8E896EEE56C} = {A12B6F80-66A3-3234-B9D8-B8E896EEE56C}
	EndProjectSection
EndProject
Project("{8BC9CEB8-8B4A-11D0-8D11-00A0C91BC942}") = "Ext_Discregrid", "Ext_Discregrid.vcxproj", "{FCFD396A-3804-3935-83D5-12CD26FA9119}"
	ProjectSection(ProjectDependencies) = postProject
		{29A6C9B8-7FE9-3B22-80DD-D26AFB847722} = {29A6C9B8-7FE9-3B22-80DD-D26AFB847722}
	EndProjectSection
EndProject
Project("{8BC9CEB8-8B4A-11D0-8D11-00A0C91BC942}") = "Ext_GenericParameters", "Ext_GenericParameters.vcxproj", "{46AD492A-B939-3755-977C-F981DEC2EA1E}"
	ProjectSection(ProjectDependencies) = postProject
		{29A6C9B8-7FE9-3B22-80DD-D26AFB847722} = {29A6C9B8-7FE9-3B22-80DD-D26AFB847722}
	EndProjectSection
EndProject
Project("{8BC9CEB8-8B4A-11D0-8D11-00A0C91BC942}") = "FluidDemo", "Demos\FluidDemo\FluidDemo.vcxproj", "{250D239F-13E7-3512-9AC4-79C773A212AA}"
	ProjectSection(ProjectDependencies) = postProject
		{3F827C1B-9AD5-359E-B13E-B1CB2CB01D16} = {3F827C1B-9AD5-359E-B13E-B1CB2CB01D16}
		{F1CDB396-6637-3F73-A881-B7D0F9215FD4} = {F1CDB396-6637-3F73-A881-B7D0F9215FD4}
		{898AD603-9CA7-3327-BEF8-94A13B456249} = {898AD603-9CA7-3327-BEF8-94A13B456249}
		{680F0673-29A3-3578-B89B-53674965142F} = {680F0673-29A3-3578-B89B-53674965142F}
		{52C93DE9-476F-35ED-82C1-744A7759315F} = {52C93DE9-476F-35ED-82C1-744A7759315F}
		{29A6C9B8-7FE9-3B22-80DD-D26AFB847722} = {29A6C9B8-7FE9-3B22-80DD-D26AFB847722}
		{D0603846-9F66-3E15-88F9-2E2B97015E68} = {D0603846-9F66-3E15-88F9-2E2B97015E68}
		{A12B6F80-66A3-3234-B9D8-B8E896EEE56C} = {A12B6F80-66A3-3234-B9D8-B8E896EEE56C}
	EndProjectSection
EndProject
Project("{8BC9CEB8-8B4A-11D0-8D11-00A0C91BC942}") = "GenericParticleConstraintsDemo", "Demos\GenericConstraintsDemos\GenericParticleConstraintsDemo.vcxproj", "{44E81FCB-1DA7-32B8-8BC8-288C08D70553}"
	ProjectSection(ProjectDependencies) = postProject
		{3F827C1B-9AD5-359E-B13E-B1CB2CB01D16} = {3F827C1B-9AD5-359E-B13E-B1CB2CB01D16}
		{5D78291A-6DAA-313B-A7BE-5CDB2985DDF2} = {5D78291A-6DAA-313B-A7BE-5CDB2985DDF2}
		{F1CDB396-6637-3F73-A881-B7D0F9215FD4} = {F1CDB396-6637-3F73-A881-B7D0F9215FD4}
		{46AD492A-B939-3755-977C-F981DEC2EA1E} = {46AD492A-B939-3755-977C-F981DEC2EA1E}
		{898AD603-9CA7-3327-BEF8-94A13B456249} = {898AD603-9CA7-3327-BEF8-94A13B456249}
		{680F0673-29A3-3578-B89B-53674965142F} = {680F0673-29A3-3578-B89B-53674965142F}
		{52C93DE9-476F-35ED-82C1-744A7759315F} = {52C93DE9-476F-35ED-82C1-744A7759315F}
		{29A6C9B8-7FE9-3B22-80DD-D26AFB847722} = {29A6C9B8-7FE9-3B22-80DD-D26AFB847722}
		{D0603846-9F66-3E15-88F9-2E2B97015E68} = {D0603846-9F66-3E15-88F9-2E2B97015E68}
		{A12B6F80-66A3-3234-B9D8-B8E896EEE56C} = {A12B6F80-66A3-3234-B9D8-B8E896EEE56C}
	EndProjectSection
EndProject
Project("{8BC9CEB8-8B4A-11D0-8D11-00A0C91BC942}") = "GenericRigidBodyConstraintsDemo", "Demos\GenericConstraintsDemos\GenericRigidBodyConstraintsDemo.vcxproj", "{F9DC782C-3419-3AFC-870E-B6FF76A01B95}"
	ProjectSection(ProjectDependencies) = postProject
		{3F827C1B-9AD5-359E-B13E-B1CB2CB01D16} = {3F827C1B-9AD5-359E-B13E-B1CB2CB01D16}
		{5D78291A-6DAA-313B-A7BE-5CDB2985DDF2} = {5D78291A-6DAA-313B-A7BE-5CDB2985DDF2}
		{F1CDB396-6637-3F73-A881-B7D0F9215FD4} = {F1CDB396-6637-3F73-A881-B7D0F9215FD4}
		{46AD492A-B939-3755-977C-F981DEC2EA1E} = {46AD492A-B939-3755-977C-F981DEC2EA1E}
		{898AD603-9CA7-3327-BEF8-94A13B456249} = {898AD603-9CA7-3327-BEF8-94A13B456249}
		{680F0673-29A3-3578-B89B-53674965142F} = {680F0673-29A3-3578-B89B-53674965142F}
		{52C93DE9-476F-35ED-82C1-744A7759315F} = {52C93DE9-476F-35ED-82C1-744A7759315F}
		{29A6C9B8-7FE9-3B22-80DD-D26AFB847722} = {29A6C9B8-7FE9-3B22-80DD-D26AFB847722}
		{D0603846-9F66-3E15-88F9-2E2B97015E68} = {D0603846-9F66-3E15-88F9-2E2B97015E68}
		{A12B6F80-66A3-3234-B9D8-B8E896EEE56C} = {A12B6F80-66A3-3234-B9D8-B8E896EEE56C}
	EndProjectSection
EndProject
Project("{8BC9CEB8-8B4A-11D0-8D11-00A0C91BC942}") = "INSTALL", "INSTALL.vcxproj", "{AA3BED69-9B1A-3431-AD7F-2844BACA4507}"
	ProjectSection(ProjectDependencies) = postProject
		{EB7B005B-F01E-3B49-99A5-CBAD80D964E8} = {EB7B005B-F01E-3B49-99A5-CBAD80D964E8}
		{29A6C9B8-7FE9-3B22-80DD-D26AFB847722} = {29A6C9B8-7FE9-3B22-80DD-D26AFB847722}
	EndProjectSection
EndProject
Project("{8BC9CEB8-8B4A-11D0-8D11-00A0C91BC942}") = "JointDemo", "Demos\RigidBodyDemos\JointDemo.vcxproj", "{FFE266AD-3802-3D36-ACEB-849D390D1A7C}"
	ProjectSection(ProjectDependencies) = postProject
		{3F827C1B-9AD5-359E-B13E-B1CB2CB01D16} = {3F827C1B-9AD5-359E-B13E-B1CB2CB01D16}
		{5D78291A-6DAA-313B-A7BE-5CDB2985DDF2} = {5D78291A-6DAA-313B-A7BE-5CDB2985DDF2}
		{F1CDB396-6637-3F73-A881-B7D0F9215FD4} = {F1CDB396-6637-3F73-A881-B7D0F9215FD4}
		{46AD492A-B939-3755-977C-F981DEC2EA1E} = {46AD492A-B939-3755-977C-F981DEC2EA1E}
		{898AD603-9CA7-3327-BEF8-94A13B456249} = {898AD603-9CA7-3327-BEF8-94A13B456249}
		{680F0673-29A3-3578-B89B-53674965142F} = {680F0673-29A3-3578-B89B-53674965142F}
		{52C93DE9-476F-35ED-82C1-744A7759315F} = {52C93DE9-476F-35ED-82C1-744A7759315F}
		{29A6C9B8-7FE9-3B22-80DD-D26AFB847722} = {29A6C9B8-7FE9-3B22-80DD-D26AFB847722}
		{D0603846-9F66-3E15-88F9-2E2B97015E68} = {D0603846-9F66-3E15-88F9-2E2B97015E68}
		{A12B6F80-66A3-3234-B9D8-B8E896EEE56C} = {A12B6F80-66A3-3234-B9D8-B8E896EEE56C}
	EndProjectSection
EndProject
Project("{8BC9CEB8-8B4A-11D0-8D11-00A0C91BC942}") = "MD5", "extern\md5\MD5.vcxproj", "{92B59793-8260-3A22-8554-50ACE5956EDF}"
	ProjectSection(ProjectDependencies) = postProject
		{29A6C9B8-7FE9-3B22-80DD-D26AFB847722} = {29A6C9B8-7FE9-3B22-80DD-D26AFB847722}
	EndProjectSection
EndProject
Project("{8BC9CEB8-8B4A-11D0-8D11-00A0C91BC942}") = "PositionBasedDynamics", "PositionBasedDynamics\PositionBasedDynamics.vcxproj", "{898AD603-9CA7-3327-BEF8-94A13B456249}"
	ProjectSection(ProjectDependencies) = postProject
		{29A6C9B8-7FE9-3B22-80DD-D26AFB847722} = {29A6C9B8-7FE9-3B22-80DD-D26AFB847722}
	EndProjectSection
EndProject
Project("{8BC9CEB8-8B4A-11D0-8D11-00A0C91BC942}") = "RigidBodyClothCouplingDemo", "Demos\CouplingDemos\RigidBodyClothCouplingDemo.vcxproj", "{183EEA3F-C495-3202-9664-E2A9265C5110}"
	ProjectSection(ProjectDependencies) = postProject
		{3F827C1B-9AD5-359E-B13E-B1CB2CB01D16} = {3F827C1B-9AD5-359E-B13E-B1CB2CB01D16}
		{5D78291A-6DAA-313B-A7BE-5CDB2985DDF2} = {5D78291A-6DAA-313B-A7BE-5CDB2985DDF2}
		{F1CDB396-6637-3F73-A881-B7D0F9215FD4} = {F1CDB396-6637-3F73-A881-B7D0F9215FD4}
		{46AD492A-B939-3755-977C-F981DEC2EA1E} = {46AD492A-B939-3755-977C-F981DEC2EA1E}
		{898AD603-9CA7-3327-BEF8-94A13B456249} = {898AD603-9CA7-3327-BEF8-94A13B456249}
		{680F0673-29A3-3578-B89B-53674965142F} = {680F0673-29A3-3578-B89B-53674965142F}
		{52C93DE9-476F-35ED-82C1-744A7759315F} = {52C93DE9-476F-35ED-82C1-744A7759315F}
		{29A6C9B8-7FE9-3B22-80DD-D26AFB847722} = {29A6C9B8-7FE9-3B22-80DD-D26AFB847722}
		{D0603846-9F66-3E15-88F9-2E2B97015E68} = {D0603846-9F66-3E15-88F9-2E2B97015E68}
		{A12B6F80-66A3-3234-B9D8-B8E896EEE56C} = {A12B6F80-66A3-3234-B9D8-B8E896EEE56C}
	EndProjectSection
EndProject
Project("{8BC9CEB8-8B4A-11D0-8D11-00A0C91BC942}") = "RigidBodyCollisionDemo", "Demos\DistanceFieldDemos\RigidBodyCollisionDemo.vcxproj", "{15849A60-93C2-3199-9730-485D63D0C946}"
	ProjectSection(ProjectDependencies) = postProject
		{3F827C1B-9AD5-359E-B13E-B1CB2CB01D16} = {3F827C1B-9AD5-359E-B13E-B1CB2CB01D16}
		{5D78291A-6DAA-313B-A7BE-5CDB2985DDF2} = {5D78291A-6DAA-313B-A7BE-5CDB2985DDF2}
		{F1CDB396-6637-3F73-A881-B7D0F9215FD4} = {F1CDB396-6637-3F73-A881-B7D0F9215FD4}
		{46AD492A-B939-3755-977C-F981DEC2EA1E} = {46AD492A-B939-3755-977C-F981DEC2EA1E}
		{898AD603-9CA7-3327-BEF8-94A13B456249} = {898AD603-9CA7-3327-BEF8-94A13B456249}
		{680F0673-29A3-3578-B89B-53674965142F} = {680F0673-29A3-3578-B89B-53674965142F}
		{52C93DE9-476F-35ED-82C1-744A7759315F} = {52C93DE9-476F-35ED-82C1-744A7759315F}
		{29A6C9B8-7FE9-3B22-80DD-D26AFB847722} = {29A6C9B8-7FE9-3B22-80DD-D26AFB847722}
		{D0603846-9F66-3E15-88F9-2E2B97015E68} = {D0603846-9F66-3E15-88F9-2E2B97015E68}
		{A12B6F80-66A3-3234-B9D8-B8E896EEE56C} = {A12B6F80-66A3-3234-B9D8-B8E896EEE56C}
	EndProjectSection
EndProject
Project("{8BC9CEB8-8B4A-11D0-8D11-00A0C91BC942}") = "SausageCourseDemo", "Demos\SausageCourseDemo\SausageCourseDemo.vcxproj", "{62B23F2E-E3C0-39AF-8B17-058D82A0700F}"
	ProjectSection(ProjectDependencies) = postProject
		{3F827C1B-9AD5-359E-B13E-B1CB2CB01D16} = {3F827C1B-9AD5-359E-B13E-B1CB2CB01D16}
		{F1CDB396-6637-3F73-A881-B7D0F9215FD4} = {F1CDB396-6637-3F73-A881-B7D0F9215FD4}
		{46AD492A-B939-3755-977C-F981DEC2EA1E} = {46AD492A-B939-3755-977C-F981DEC2EA1E}
		{898AD603-9CA7-3327-BEF8-94A13B456249} = {898AD603-9CA7-3327-BEF8-94A13B456249}
		{680F0673-29A3-3578-B89B-53674965142F} = {680F0673-29A3-3578-B89B-53674965142F}
		{52C93DE9-476F-35ED-82C1-744A7759315F} = {52C93DE9-476F-35ED-82C1-744A7759315F}
		{29A6C9B8-7FE9-3B22-80DD-D26AFB847722} = {29A6C9B8-7FE9-3B22-80DD-D26AFB847722}
		{D0603846-9F66-3E15-88F9-2E2B97015E68} = {D0603846-9F66-3E15-88F9-2E2B97015E68}
		{A12B6F80-66A3-3234-B9D8-B8E896EEE56C} = {A12B6F80-66A3-3234-B9D8-B8E896EEE56C}
	EndProjectSection
EndProject
Project("{8BC9CEB8-8B4A-11D0-8D11-00A0C91BC942}") = "SausagePhysicsCourseDemo", "Demos\SausagePhysicsCourseDemo\SausagePhysicsCourseDemo.vcxproj", "{E626181B-BB40-3DC3-BFD4-2F497C4CBFDF}"
	ProjectSection(ProjectDependencies) = postProject
		{3F827C1B-9AD5-359E-B13E-B1CB2CB01D16} = {3F827C1B-9AD5-359E-B13E-B1CB2CB01D16}
		{F1CDB396-6637-3F73-A881-B7D0F9215FD4} = {F1CDB396-6637-3F73-A881-B7D0F9215FD4}
		{FCFD396A-3804-3935-83D5-12CD26FA9119} = {FCFD396A-3804-3935-83D5-12CD26FA9119}
		{46AD492A-B939-3755-977C-F981DEC2EA1E} = {46AD492A-B939-3755-977C-F981DEC2EA1E}
		{898AD603-9CA7-3327-BEF8-94A13B456249} = {898AD603-9CA7-3327-BEF8-94A13B456249}
		{680F0673-29A3-3578-B89B-53674965142F} = {680F0673-29A3-3578-B89B-53674965142F}
		{52C93DE9-476F-35ED-82C1-744A7759315F} = {52C93DE9-476F-35ED-82C1-744A7759315F}
		{29A6C9B8-7FE9-3B22-80DD-D26AFB847722} = {29A6C9B8-7FE9-3B22-80DD-D26AFB847722}
		{D0603846-9F66-3E15-88F9-2E2B97015E68} = {D0603846-9F66-3E15-88F9-2E2B97015E68}
		{A12B6F80-66A3-3234-B9D8-B8E896EEE56C} = {A12B6F80-66A3-3234-B9D8-B8E896EEE56C}
	EndProjectSection
EndProject
Project("{8BC9CEB8-8B4A-11D0-8D11-00A0C91BC942}") = "SausageRodCourseDemo", "Demos\SausageRodCourseDemo\SausageRodCourseDemo.vcxproj", "{D825FD5F-294E-3B8B-A7C5-6D0EB01ED7D7}"
	ProjectSection(ProjectDependencies) = postProject
		{3F827C1B-9AD5-359E-B13E-B1CB2CB01D16} = {3F827C1B-9AD5-359E-B13E-B1CB2CB01D16}
		{F1CDB396-6637-3F73-A881-B7D0F9215FD4} = {F1CDB396-6637-3F73-A881-B7D0F9215FD4}
		{FCFD396A-3804-3935-83D5-12CD26FA9119} = {FCFD396A-3804-3935-83D5-12CD26FA9119}
		{46AD492A-B939-3755-977C-F981DEC2EA1E} = {46AD492A-B939-3755-977C-F981DEC2EA1E}
		{898AD603-9CA7-3327-BEF8-94A13B456249} = {898AD603-9CA7-3327-BEF8-94A13B456249}
		{680F0673-29A3-3578-B89B-53674965142F} = {680F0673-29A3-3578-B89B-53674965142F}
		{52C93DE9-476F-35ED-82C1-744A7759315F} = {52C93DE9-476F-35ED-82C1-744A7759315F}
		{29A6C9B8-7FE9-3B22-80DD-D26AFB847722} = {29A6C9B8-7FE9-3B22-80DD-D26AFB847722}
		{D0603846-9F66-3E15-88F9-2E2B97015E68} = {D0603846-9F66-3E15-88F9-2E2B97015E68}
		{A12B6F80-66A3-3234-B9D8-B8E896EEE56C} = {A12B6F80-66A3-3234-B9D8-B8E896EEE56C}
	EndProjectSection
EndProject
Project("{8BC9CEB8-8B4A-11D0-8D11-00A0C91BC942}") = "SceneLoaderDemo", "Demos\SceneLoaderDemo\SceneLoaderDemo.vcxproj", "{478CEAAF-7358-3B7B-9892-9852563114AC}"
	ProjectSection(ProjectDependencies) = postProject
		{3F827C1B-9AD5-359E-B13E-B1CB2CB01D16} = {3F827C1B-9AD5-359E-B13E-B1CB2CB01D16}
		{F1CDB396-6637-3F73-A881-B7D0F9215FD4} = {F1CDB396-6637-3F73-A881-B7D0F9215FD4}
		{FCFD396A-3804-3935-83D5-12CD26FA9119} = {FCFD396A-3804-3935-83D5-12CD26FA9119}
		{46AD492A-B939-3755-977C-F981DEC2EA1E} = {46AD492A-B939-3755-977C-F981DEC2EA1E}
		{92B59793-8260-3A22-8554-50ACE5956EDF} = {92B59793-8260-3A22-8554-50ACE5956EDF}
		{898AD603-9CA7-3327-BEF8-94A13B456249} = {898AD603-9CA7-3327-BEF8-94A13B456249}
		{680F0673-29A3-3578-B89B-53674965142F} = {680F0673-29A3-3578-B89B-53674965142F}
		{52C93DE9-476F-35ED-82C1-744A7759315F} = {52C93DE9-476F-35ED-82C1-744A7759315F}
		{29A6C9B8-7FE9-3B22-80DD-D26AFB847722} = {29A6C9B8-7FE9-3B22-80DD-D26AFB847722}
		{D0603846-9F66-3E15-88F9-2E2B97015E68} = {D0603846-9F66-3E15-88F9-2E2B97015E68}
		{A12B6F80-66A3-3234-B9D8-B8E896EEE56C} = {A12B6F80-66A3-3234-B9D8-B8E896EEE56C}
	EndProjectSection
EndProject
Project("{8BC9CEB8-8B4A-11D0-8D11-00A0C91BC942}") = "Simulation", "Simulation\Simulation.vcxproj", "{680F0673-29A3-3578-B89B-53674965142F}"
	ProjectSection(ProjectDependencies) = postProject
		{FCFD396A-3804-3935-83D5-12CD26FA9119} = {FCFD396A-3804-3935-83D5-12CD26FA9119}
		{46AD492A-B939-3755-977C-F981DEC2EA1E} = {46AD492A-B939-3755-977C-F981DEC2EA1E}
		{898AD603-9CA7-3327-BEF8-94A13B456249} = {898AD603-9CA7-3327-BEF8-94A13B456249}
		{29A6C9B8-7FE9-3B22-80DD-D26AFB847722} = {29A6C9B8-7FE9-3B22-80DD-D26AFB847722}
	EndProjectSection
EndProject
Project("{8BC9CEB8-8B4A-11D0-8D11-00A0C91BC942}") = "StretchBendingTwistingDemo", "Demos\StiffRodsDemos\StretchBendingTwistingDemo.vcxproj", "{332F7BDB-CF75-3853-924A-1DF7A0CF9A96}"
	ProjectSection(ProjectDependencies) = postProject
		{3F827C1B-9AD5-359E-B13E-B1CB2CB01D16} = {3F827C1B-9AD5-359E-B13E-B1CB2CB01D16}
		{5D78291A-6DAA-313B-A7BE-5CDB2985DDF2} = {5D78291A-6DAA-313B-A7BE-5CDB2985DDF2}
		{620594E2-2C6F-3155-B0C2-D20BF907C878} = {620594E2-2C6F-3155-B0C2-D20BF907C878}
		{F1CDB396-6637-3F73-A881-B7D0F9215FD4} = {F1CDB396-6637-3F73-A881-B7D0F9215FD4}
		{46AD492A-B939-3755-977C-F981DEC2EA1E} = {46AD492A-B939-3755-977C-F981DEC2EA1E}
		{92B59793-8260-3A22-8554-50ACE5956EDF} = {92B59793-8260-3A22-8554-50ACE5956EDF}
		{898AD603-9CA7-3327-BEF8-94A13B456249} = {898AD603-9CA7-3327-BEF8-94A13B456249}
		{680F0673-29A3-3578-B89B-53674965142F} = {680F0673-29A3-3578-B89B-53674965142F}
		{52C93DE9-476F-35ED-82C1-744A7759315F} = {52C93DE9-476F-35ED-82C1-744A7759315F}
		{29A6C9B8-7FE9-3B22-80DD-D26AFB847722} = {29A6C9B8-7FE9-3B22-80DD-D26AFB847722}
		{D0603846-9F66-3E15-88F9-2E2B97015E68} = {D0603846-9F66-3E15-88F9-2E2B97015E68}
		{A12B6F80-66A3-3234-B9D8-B8E896EEE56C} = {A12B6F80-66A3-3234-B9D8-B8E896EEE56C}
	EndProjectSection
EndProject
Project("{8BC9CEB8-8B4A-11D0-8D11-00A0C91BC942}") = "Utils", "Utils\Utils.vcxproj", "{52C93DE9-476F-35ED-82C1-744A7759315F}"
	ProjectSection(ProjectDependencies) = postProject
		{46AD492A-B939-3755-977C-F981DEC2EA1E} = {46AD492A-B939-3755-977C-F981DEC2EA1E}
		{29A6C9B8-7FE9-3B22-80DD-D26AFB847722} = {29A6C9B8-7FE9-3B22-80DD-D26AFB847722}
	EndProjectSection
EndProject
Project("{8BC9CEB8-8B4A-11D0-8D11-00A0C91BC942}") = "ZERO_CHECK", "ZERO_CHECK.vcxproj", "{29A6C9B8-7FE9-3B22-80DD-D26AFB847722}"
	ProjectSection(ProjectDependencies) = postProject
	EndProjectSection
EndProject
Project("{8BC9CEB8-8B4A-11D0-8D11-00A0C91BC942}") = "glfw", "extern\glfw\src\glfw.vcxproj", "{D0603846-9F66-3E15-88F9-2E2B97015E68}"
	ProjectSection(ProjectDependencies) = postProject
		{29A6C9B8-7FE9-3B22-80DD-D26AFB847722} = {29A6C9B8-7FE9-3B22-80DD-D26AFB847722}
	EndProjectSection
EndProject
Project("{8BC9CEB8-8B4A-11D0-8D11-00A0C91BC942}") = "imgui", "extern\imgui\imgui.vcxproj", "{A12B6F80-66A3-3234-B9D8-B8E896EEE56C}"
	ProjectSection(ProjectDependencies) = postProject
		{29A6C9B8-7FE9-3B22-80DD-D26AFB847722} = {29A6C9B8-7FE9-3B22-80DD-D26AFB847722}
		{D0603846-9F66-3E15-88F9-2E2B97015E68} = {D0603846-9F66-3E15-88F9-2E2B97015E68}
	EndProjectSection
EndProject
Project("{8BC9CEB8-8B4A-11D0-8D11-00A0C91BC942}") = "update_mappings", "extern\glfw\src\update_mappings.vcxproj", "{25C5C5F5-4A9E-3214-8B03-EF7280E6D8C4}"
	ProjectSection(ProjectDependencies) = postProject
		{29A6C9B8-7FE9-3B22-80DD-D26AFB847722} = {29A6C9B8-7FE9-3B22-80DD-D26AFB847722}
	EndProjectSection
EndProject
Global
	GlobalSection(SolutionConfigurationPlatforms) = preSolution
		Debug|x64 = Debug|x64
		Release|x64 = Release|x64
		MinSizeRel|x64 = MinSizeRel|x64
		RelWithDebInfo|x64 = RelWithDebInfo|x64
	EndGlobalSection
	GlobalSection(ProjectConfigurationPlatforms) = postSolution
		{EB7B005B-F01E-3B49-99A5-CBAD80D964E8}.Debug|x64.ActiveCfg = Debug|x64
		{EB7B005B-F01E-3B49-99A5-CBAD80D964E8}.Debug|x64.Build.0 = Debug|x64
		{EB7B005B-F01E-3B49-99A5-CBAD80D964E8}.Release|x64.ActiveCfg = Release|x64
		{EB7B005B-F01E-3B49-99A5-CBAD80D964E8}.Release|x64.Build.0 = Release|x64
		{EB7B005B-F01E-3B49-99A5-CBAD80D964E8}.MinSizeRel|x64.ActiveCfg = MinSizeRel|x64
		{EB7B005B-F01E-3B49-99A5-CBAD80D964E8}.MinSizeRel|x64.Build.0 = MinSizeRel|x64
		{EB7B005B-F01E-3B49-99A5-CBAD80D964E8}.RelWithDebInfo|x64.ActiveCfg = RelWithDebInfo|x64
		{EB7B005B-F01E-3B49-99A5-CBAD80D964E8}.RelWithDebInfo|x64.Build.0 = RelWithDebInfo|x64
		{E3333157-84E0-3282-A117-665EC6EC2ACA}.Debug|x64.ActiveCfg = Debug|x64
		{E3333157-84E0-3282-A117-665EC6EC2ACA}.Debug|x64.Build.0 = Debug|x64
		{E3333157-84E0-3282-A117-665EC6EC2ACA}.Release|x64.ActiveCfg = Release|x64
		{E3333157-84E0-3282-A117-665EC6EC2ACA}.Release|x64.Build.0 = Release|x64
		{E3333157-84E0-3282-A117-665EC6EC2ACA}.MinSizeRel|x64.ActiveCfg = MinSizeRel|x64
		{E3333157-84E0-3282-A117-665EC6EC2ACA}.MinSizeRel|x64.Build.0 = MinSizeRel|x64
		{E3333157-84E0-3282-A117-665EC6EC2ACA}.RelWithDebInfo|x64.ActiveCfg = RelWithDebInfo|x64
		{E3333157-84E0-3282-A117-665EC6EC2ACA}.RelWithDebInfo|x64.Build.0 = RelWithDebInfo|x64
		{636554A4-E505-324E-A4DD-52E591EAF4D4}.Debug|x64.ActiveCfg = Debug|x64
		{636554A4-E505-324E-A4DD-52E591EAF4D4}.Debug|x64.Build.0 = Debug|x64
		{636554A4-E505-324E-A4DD-52E591EAF4D4}.Release|x64.ActiveCfg = Release|x64
		{636554A4-E505-324E-A4DD-52E591EAF4D4}.Release|x64.Build.0 = Release|x64
		{636554A4-E505-324E-A4DD-52E591EAF4D4}.MinSizeRel|x64.ActiveCfg = MinSizeRel|x64
		{636554A4-E505-324E-A4DD-52E591EAF4D4}.MinSizeRel|x64.Build.0 = MinSizeRel|x64
		{636554A4-E505-324E-A4DD-52E591EAF4D4}.RelWithDebInfo|x64.ActiveCfg = RelWithDebInfo|x64
		{636554A4-E505-324E-A4DD-52E591EAF4D4}.RelWithDebInfo|x64.Build.0 = RelWithDebInfo|x64
		{C37A8380-F62C-33C6-A501-584DA36AB3E8}.Debug|x64.ActiveCfg = Debug|x64
		{C37A8380-F62C-33C6-A501-584DA36AB3E8}.Debug|x64.Build.0 = Debug|x64
		{C37A8380-F62C-33C6-A501-584DA36AB3E8}.Release|x64.ActiveCfg = Release|x64
		{C37A8380-F62C-33C6-A501-584DA36AB3E8}.Release|x64.Build.0 = Release|x64
		{C37A8380-F62C-33C6-A501-584DA36AB3E8}.MinSizeRel|x64.ActiveCfg = MinSizeRel|x64
		{C37A8380-F62C-33C6-A501-584DA36AB3E8}.MinSizeRel|x64.Build.0 = MinSizeRel|x64
		{C37A8380-F62C-33C6-A501-584DA36AB3E8}.RelWithDebInfo|x64.ActiveCfg = RelWithDebInfo|x64
		{C37A8380-F62C-33C6-A501-584DA36AB3E8}.RelWithDebInfo|x64.Build.0 = RelWithDebInfo|x64
		{01621665-48B2-30A3-B770-D08A2AA89697}.Debug|x64.ActiveCfg = Debug|x64
		{01621665-48B2-30A3-B770-D08A2AA89697}.Debug|x64.Build.0 = Debug|x64
		{01621665-48B2-30A3-B770-D08A2AA89697}.Release|x64.ActiveCfg = Release|x64
		{01621665-48B2-30A3-B770-D08A2AA89697}.Release|x64.Build.0 = Release|x64
		{01621665-48B2-30A3-B770-D08A2AA89697}.MinSizeRel|x64.ActiveCfg = MinSizeRel|x64
		{01621665-48B2-30A3-B770-D08A2AA89697}.MinSizeRel|x64.Build.0 = MinSizeRel|x64
		{01621665-48B2-30A3-B770-D08A2AA89697}.RelWithDebInfo|x64.ActiveCfg = RelWithDebInfo|x64
		{01621665-48B2-30A3-B770-D08A2AA89697}.RelWithDebInfo|x64.Build.0 = RelWithDebInfo|x64
		{3F827C1B-9AD5-359E-B13E-B1CB2CB01D16}.Debug|x64.ActiveCfg = Debug|x64
		{3F827C1B-9AD5-359E-B13E-B1CB2CB01D16}.Debug|x64.Build.0 = Debug|x64
		{3F827C1B-9AD5-359E-B13E-B1CB2CB01D16}.Release|x64.ActiveCfg = Release|x64
		{3F827C1B-9AD5-359E-B13E-B1CB2CB01D16}.Release|x64.Build.0 = Release|x64
		{3F827C1B-9AD5-359E-B13E-B1CB2CB01D16}.MinSizeRel|x64.ActiveCfg = MinSizeRel|x64
		{3F827C1B-9AD5-359E-B13E-B1CB2CB01D16}.MinSizeRel|x64.Build.0 = MinSizeRel|x64
		{3F827C1B-9AD5-359E-B13E-B1CB2CB01D16}.RelWithDebInfo|x64.ActiveCfg = RelWithDebInfo|x64
		{3F827C1B-9AD5-359E-B13E-B1CB2CB01D16}.RelWithDebInfo|x64.Build.0 = RelWithDebInfo|x64
		{5D78291A-6DAA-313B-A7BE-5CDB2985DDF2}.Debug|x64.ActiveCfg = Debug|x64
		{5D78291A-6DAA-313B-A7BE-5CDB2985DDF2}.Debug|x64.Build.0 = Debug|x64
		{5D78291A-6DAA-313B-A7BE-5CDB2985DDF2}.Release|x64.ActiveCfg = Release|x64
		{5D78291A-6DAA-313B-A7BE-5CDB2985DDF2}.Release|x64.Build.0 = Release|x64
		{5D78291A-6DAA-313B-A7BE-5CDB2985DDF2}.MinSizeRel|x64.ActiveCfg = MinSizeRel|x64
		{5D78291A-6DAA-313B-A7BE-5CDB2985DDF2}.MinSizeRel|x64.Build.0 = MinSizeRel|x64
		{5D78291A-6DAA-313B-A7BE-5CDB2985DDF2}.RelWithDebInfo|x64.ActiveCfg = RelWithDebInfo|x64
		{5D78291A-6DAA-313B-A7BE-5CDB2985DDF2}.RelWithDebInfo|x64.Build.0 = RelWithDebInfo|x64
		{620594E2-2C6F-3155-B0C2-D20BF907C878}.Debug|x64.ActiveCfg = Debug|x64
		{620594E2-2C6F-3155-B0C2-D20BF907C878}.Debug|x64.Build.0 = Debug|x64
		{620594E2-2C6F-3155-B0C2-D20BF907C878}.Release|x64.ActiveCfg = Release|x64
		{620594E2-2C6F-3155-B0C2-D20BF907C878}.Release|x64.Build.0 = Release|x64
		{620594E2-2C6F-3155-B0C2-D20BF907C878}.MinSizeRel|x64.ActiveCfg = MinSizeRel|x64
		{620594E2-2C6F-3155-B0C2-D20BF907C878}.MinSizeRel|x64.Build.0 = MinSizeRel|x64
		{620594E2-2C6F-3155-B0C2-D20BF907C878}.RelWithDebInfo|x64.ActiveCfg = RelWithDebInfo|x64
		{620594E2-2C6F-3155-B0C2-D20BF907C878}.RelWithDebInfo|x64.Build.0 = RelWithDebInfo|x64
		{F1CDB396-6637-3F73-A881-B7D0F9215FD4}.Debug|x64.ActiveCfg = Debug|x64
		{F1CDB396-6637-3F73-A881-B7D0F9215FD4}.Debug|x64.Build.0 = Debug|x64
		{F1CDB396-6637-3F73-A881-B7D0F9215FD4}.Release|x64.ActiveCfg = Release|x64
		{F1CDB396-6637-3F73-A881-B7D0F9215FD4}.Release|x64.Build.0 = Release|x64
		{F1CDB396-6637-3F73-A881-B7D0F9215FD4}.MinSizeRel|x64.ActiveCfg = MinSizeRel|x64
		{F1CDB396-6637-3F73-A881-B7D0F9215FD4}.MinSizeRel|x64.Build.0 = MinSizeRel|x64
		{F1CDB396-6637-3F73-A881-B7D0F9215FD4}.RelWithDebInfo|x64.ActiveCfg = RelWithDebInfo|x64
		{F1CDB396-6637-3F73-A881-B7D0F9215FD4}.RelWithDebInfo|x64.Build.0 = RelWithDebInfo|x64
		{DDB826C8-6FF3-3BC5-8153-2A8C79EF7130}.Debug|x64.ActiveCfg = Debug|x64
		{DDB826C8-6FF3-3BC5-8153-2A8C79EF7130}.Debug|x64.Build.0 = Debug|x64
		{DDB826C8-6FF3-3BC5-8153-2A8C79EF7130}.Release|x64.ActiveCfg = Release|x64
		{DDB826C8-6FF3-3BC5-8153-2A8C79EF7130}.Release|x64.Build.0 = Release|x64
		{DDB826C8-6FF3-3BC5-8153-2A8C79EF7130}.MinSizeRel|x64.ActiveCfg = MinSizeRel|x64
		{DDB826C8-6FF3-3BC5-8153-2A8C79EF7130}.MinSizeRel|x64.Build.0 = MinSizeRel|x64
		{DDB826C8-6FF3-3BC5-8153-2A8C79EF7130}.RelWithDebInfo|x64.ActiveCfg = RelWithDebInfo|x64
		{DDB826C8-6FF3-3BC5-8153-2A8C79EF7130}.RelWithDebInfo|x64.Build.0 = RelWithDebInfo|x64
		{4FBC4B26-AD5F-3FFC-AB9C-BF996DAD762D}.Debug|x64.ActiveCfg = Debug|x64
		{4FBC4B26-AD5F-3FFC-AB9C-BF996DAD762D}.Debug|x64.Build.0 = Debug|x64
		{4FBC4B26-AD5F-3FFC-AB9C-BF996DAD762D}.Release|x64.ActiveCfg = Release|x64
		{4FBC4B26-AD5F-3FFC-AB9C-BF996DAD762D}.Release|x64.Build.0 = Release|x64
		{4FBC4B26-AD5F-3FFC-AB9C-BF996DAD762D}.MinSizeRel|x64.ActiveCfg = MinSizeRel|x64
		{4FBC4B26-AD5F-3FFC-AB9C-BF996DAD762D}.MinSizeRel|x64.Build.0 = MinSizeRel|x64
		{4FBC4B26-AD5F-3FFC-AB9C-BF996DAD762D}.RelWithDebInfo|x64.ActiveCfg = RelWithDebInfo|x64
		{4FBC4B26-AD5F-3FFC-AB9C-BF996DAD762D}.RelWithDebInfo|x64.Build.0 = RelWithDebInfo|x64
		{1EEC5F24-BB0A-3855-A503-26BC98D30835}.Debug|x64.ActiveCfg = Debug|x64
		{1EEC5F24-BB0A-3855-A503-26BC98D30835}.Debug|x64.Build.0 = Debug|x64
		{1EEC5F24-BB0A-3855-A503-26BC98D30835}.Release|x64.ActiveCfg = Release|x64
		{1EEC5F24-BB0A-3855-A503-26BC98D30835}.Release|x64.Build.0 = Release|x64
		{1EEC5F24-BB0A-3855-A503-26BC98D30835}.MinSizeRel|x64.ActiveCfg = MinSizeRel|x64
		{1EEC5F24-BB0A-3855-A503-26BC98D30835}.MinSizeRel|x64.Build.0 = MinSizeRel|x64
		{1EEC5F24-BB0A-3855-A503-26BC98D30835}.RelWithDebInfo|x64.ActiveCfg = RelWithDebInfo|x64
		{1EEC5F24-BB0A-3855-A503-26BC98D30835}.RelWithDebInfo|x64.Build.0 = RelWithDebInfo|x64
		{D07A56B4-EC7F-3400-87BF-ABE9C621E324}.Debug|x64.ActiveCfg = Debug|x64
		{D07A56B4-EC7F-3400-87BF-ABE9C621E324}.Debug|x64.Build.0 = Debug|x64
		{D07A56B4-EC7F-3400-87BF-ABE9C621E324}.Release|x64.ActiveCfg = Release|x64
		{D07A56B4-EC7F-3400-87BF-ABE9C621E324}.Release|x64.Build.0 = Release|x64
		{D07A56B4-EC7F-3400-87BF-ABE9C621E324}.MinSizeRel|x64.ActiveCfg = MinSizeRel|x64
		{D07A56B4-EC7F-3400-87BF-ABE9C621E324}.MinSizeRel|x64.Build.0 = MinSizeRel|x64
		{D07A56B4-EC7F-3400-87BF-ABE9C621E324}.RelWithDebInfo|x64.ActiveCfg = RelWithDebInfo|x64
		{D07A56B4-EC7F-3400-87BF-ABE9C621E324}.RelWithDebInfo|x64.Build.0 = RelWithDebInfo|x64
		{FCFD396A-3804-3935-83D5-12CD26FA9119}.Debug|x64.ActiveCfg = Debug|x64
		{FCFD396A-3804-3935-83D5-12CD26FA9119}.Debug|x64.Build.0 = Debug|x64
		{FCFD396A-3804-3935-83D5-12CD26FA9119}.Release|x64.ActiveCfg = Release|x64
		{FCFD396A-3804-3935-83D5-12CD26FA9119}.Release|x64.Build.0 = Release|x64
		{FCFD396A-3804-3935-83D5-12CD26FA9119}.MinSizeRel|x64.ActiveCfg = MinSizeRel|x64
		{FCFD396A-3804-3935-83D5-12CD26FA9119}.MinSizeRel|x64.Build.0 = MinSizeRel|x64
		{FCFD396A-3804-3935-83D5-12CD26FA9119}.RelWithDebInfo|x64.ActiveCfg = RelWithDebInfo|x64
		{FCFD396A-3804-3935-83D5-12CD26FA9119}.RelWithDebInfo|x64.Build.0 = RelWithDebInfo|x64
		{46AD492A-B939-3755-977C-F981DEC2EA1E}.Debug|x64.ActiveCfg = Debug|x64
		{46AD492A-B939-3755-977C-F981DEC2EA1E}.Debug|x64.Build.0 = Debug|x64
		{46AD492A-B939-3755-977C-F981DEC2EA1E}.Release|x64.ActiveCfg = Release|x64
		{46AD492A-B939-3755-977C-F981DEC2EA1E}.Release|x64.Build.0 = Release|x64
		{46AD492A-B939-3755-977C-F981DEC2EA1E}.MinSizeRel|x64.ActiveCfg = MinSizeRel|x64
		{46AD492A-B939-3755-977C-F981DEC2EA1E}.MinSizeRel|x64.Build.0 = MinSizeRel|x64
		{46AD492A-B939-3755-977C-F981DEC2EA1E}.RelWithDebInfo|x64.ActiveCfg = RelWithDebInfo|x64
		{46AD492A-B939-3755-977C-F981DEC2EA1E}.RelWithDebInfo|x64.Build.0 = RelWithDebInfo|x64
		{250D239F-13E7-3512-9AC4-79C773A212AA}.Debug|x64.ActiveCfg = Debug|x64
		{250D239F-13E7-3512-9AC4-79C773A212AA}.Debug|x64.Build.0 = Debug|x64
		{250D239F-13E7-3512-9AC4-79C773A212AA}.Release|x64.ActiveCfg = Release|x64
		{250D239F-13E7-3512-9AC4-79C773A212AA}.Release|x64.Build.0 = Release|x64
		{250D239F-13E7-3512-9AC4-79C773A212AA}.MinSizeRel|x64.ActiveCfg = MinSizeRel|x64
		{250D239F-13E7-3512-9AC4-79C773A212AA}.MinSizeRel|x64.Build.0 = MinSizeRel|x64
		{250D239F-13E7-3512-9AC4-79C773A212AA}.RelWithDebInfo|x64.ActiveCfg = RelWithDebInfo|x64
		{250D239F-13E7-3512-9AC4-79C773A212AA}.RelWithDebInfo|x64.Build.0 = RelWithDebInfo|x64
		{44E81FCB-1DA7-32B8-8BC8-288C08D70553}.Debug|x64.ActiveCfg = Debug|x64
		{44E81FCB-1DA7-32B8-8BC8-288C08D70553}.Debug|x64.Build.0 = Debug|x64
		{44E81FCB-1DA7-32B8-8BC8-288C08D70553}.Release|x64.ActiveCfg = Release|x64
		{44E81FCB-1DA7-32B8-8BC8-288C08D70553}.Release|x64.Build.0 = Release|x64
		{44E81FCB-1DA7-32B8-8BC8-288C08D70553}.MinSizeRel|x64.ActiveCfg = MinSizeRel|x64
		{44E81FCB-1DA7-32B8-8BC8-288C08D70553}.MinSizeRel|x64.Build.0 = MinSizeRel|x64
		{44E81FCB-1DA7-32B8-8BC8-288C08D70553}.RelWithDebInfo|x64.ActiveCfg = RelWithDebInfo|x64
		{44E81FCB-1DA7-32B8-8BC8-288C08D70553}.RelWithDebInfo|x64.Build.0 = RelWithDebInfo|x64
		{F9DC782C-3419-3AFC-870E-B6FF76A01B95}.Debug|x64.ActiveCfg = Debug|x64
		{F9DC782C-3419-3AFC-870E-B6FF76A01B95}.Debug|x64.Build.0 = Debug|x64
		{F9DC782C-3419-3AFC-870E-B6FF76A01B95}.Release|x64.ActiveCfg = Release|x64
		{F9DC782C-3419-3AFC-870E-B6FF76A01B95}.Release|x64.Build.0 = Release|x64
		{F9DC782C-3419-3AFC-870E-B6FF76A01B95}.MinSizeRel|x64.ActiveCfg = MinSizeRel|x64
		{F9DC782C-3419-3AFC-870E-B6FF76A01B95}.MinSizeRel|x64.Build.0 = MinSizeRel|x64
		{F9DC782C-3419-3AFC-870E-B6FF76A01B95}.RelWithDebInfo|x64.ActiveCfg = RelWithDebInfo|x64
		{F9DC782C-3419-3AFC-870E-B6FF76A01B95}.RelWithDebInfo|x64.Build.0 = RelWithDebInfo|x64
		{AA3BED69-9B1A-3431-AD7F-2844BACA4507}.Debug|x64.ActiveCfg = Debug|x64
		{AA3BED69-9B1A-3431-AD7F-2844BACA4507}.Release|x64.ActiveCfg = Release|x64
		{AA3BED69-9B1A-3431-AD7F-2844BACA4507}.MinSizeRel|x64.ActiveCfg = MinSizeRel|x64
		{AA3BED69-9B1A-3431-AD7F-2844BACA4507}.RelWithDebInfo|x64.ActiveCfg = RelWithDebInfo|x64
		{FFE266AD-3802-3D36-ACEB-849D390D1A7C}.Debug|x64.ActiveCfg = Debug|x64
		{FFE266AD-3802-3D36-ACEB-849D390D1A7C}.Debug|x64.Build.0 = Debug|x64
		{FFE266AD-3802-3D36-ACEB-849D390D1A7C}.Release|x64.ActiveCfg = Release|x64
		{FFE266AD-3802-3D36-ACEB-849D390D1A7C}.Release|x64.Build.0 = Release|x64
		{FFE266AD-3802-3D36-ACEB-849D390D1A7C}.MinSizeRel|x64.ActiveCfg = MinSizeRel|x64
		{FFE266AD-3802-3D36-ACEB-849D390D1A7C}.MinSizeRel|x64.Build.0 = MinSizeRel|x64
		{FFE266AD-3802-3D36-ACEB-849D390D1A7C}.RelWithDebInfo|x64.ActiveCfg = RelWithDebInfo|x64
		{FFE266AD-3802-3D36-ACEB-849D390D1A7C}.RelWithDebInfo|x64.Build.0 = RelWithDebInfo|x64
		{92B59793-8260-3A22-8554-50ACE5956EDF}.Debug|x64.ActiveCfg = Debug|x64
		{92B59793-8260-3A22-8554-50ACE5956EDF}.Debug|x64.Build.0 = Debug|x64
		{92B59793-8260-3A22-8554-50ACE5956EDF}.Release|x64.ActiveCfg = Release|x64
		{92B59793-8260-3A22-8554-50ACE5956EDF}.Release|x64.Build.0 = Release|x64
		{92B59793-8260-3A22-8554-50ACE5956EDF}.MinSizeRel|x64.ActiveCfg = MinSizeRel|x64
		{92B59793-8260-3A22-8554-50ACE5956EDF}.MinSizeRel|x64.Build.0 = MinSizeRel|x64
		{92B59793-8260-3A22-8554-50ACE5956EDF}.RelWithDebInfo|x64.ActiveCfg = RelWithDebInfo|x64
		{92B59793-8260-3A22-8554-50ACE5956EDF}.RelWithDebInfo|x64.Build.0 = RelWithDebInfo|x64
		{898AD603-9CA7-3327-BEF8-94A13B456249}.Debug|x64.ActiveCfg = Debug|x64
		{898AD603-9CA7-3327-BEF8-94A13B456249}.Debug|x64.Build.0 = Debug|x64
		{898AD603-9CA7-3327-BEF8-94A13B456249}.Release|x64.ActiveCfg = Release|x64
		{898AD603-9CA7-3327-BEF8-94A13B456249}.Release|x64.Build.0 = Release|x64
		{898AD603-9CA7-3327-BEF8-94A13B456249}.MinSizeRel|x64.ActiveCfg = MinSizeRel|x64
		{898AD603-9CA7-3327-BEF8-94A13B456249}.MinSizeRel|x64.Build.0 = MinSizeRel|x64
		{898AD603-9CA7-3327-BEF8-94A13B456249}.RelWithDebInfo|x64.ActiveCfg = RelWithDebInfo|x64
		{898AD603-9CA7-3327-BEF8-94A13B456249}.RelWithDebInfo|x64.Build.0 = RelWithDebInfo|x64
		{183EEA3F-C495-3202-9664-E2A9265C5110}.Debug|x64.ActiveCfg = Debug|x64
		{183EEA3F-C495-3202-9664-E2A9265C5110}.Debug|x64.Build.0 = Debug|x64
		{183EEA3F-C495-3202-9664-E2A9265C5110}.Release|x64.ActiveCfg = Release|x64
		{183EEA3F-C495-3202-9664-E2A9265C5110}.Release|x64.Build.0 = Release|x64
		{183EEA3F-C495-3202-9664-E2A9265C5110}.MinSizeRel|x64.ActiveCfg = MinSizeRel|x64
		{183EEA3F-C495-3202-9664-E2A9265C5110}.MinSizeRel|x64.Build.0 = MinSizeRel|x64
		{183EEA3F-C495-3202-9664-E2A9265C5110}.RelWithDebInfo|x64.ActiveCfg = RelWithDebInfo|x64
		{183EEA3F-C495-3202-9664-E2A9265C5110}.RelWithDebInfo|x64.Build.0 = RelWithDebInfo|x64
		{15849A60-93C2-3199-9730-485D63D0C946}.Debug|x64.ActiveCfg = Debug|x64
		{15849A60-93C2-3199-9730-485D63D0C946}.Debug|x64.Build.0 = Debug|x64
		{15849A60-93C2-3199-9730-485D63D0C946}.Release|x64.ActiveCfg = Release|x64
		{15849A60-93C2-3199-9730-485D63D0C946}.Release|x64.Build.0 = Release|x64
		{15849A60-93C2-3199-9730-485D63D0C946}.MinSizeRel|x64.ActiveCfg = MinSizeRel|x64
		{15849A60-93C2-3199-9730-485D63D0C946}.MinSizeRel|x64.Build.0 = MinSizeRel|x64
		{15849A60-93C2-3199-9730-485D63D0C946}.RelWithDebInfo|x64.ActiveCfg = RelWithDebInfo|x64
		{15849A60-93C2-3199-9730-485D63D0C946}.RelWithDebInfo|x64.Build.0 = RelWithDebInfo|x64
		{62B23F2E-E3C0-39AF-8B17-058D82A0700F}.Debug|x64.ActiveCfg = Debug|x64
		{62B23F2E-E3C0-39AF-8B17-058D82A0700F}.Debug|x64.Build.0 = Debug|x64
		{62B23F2E-E3C0-39AF-8B17-058D82A0700F}.Release|x64.ActiveCfg = Release|x64
		{62B23F2E-E3C0-39AF-8B17-058D82A0700F}.Release|x64.Build.0 = Release|x64
		{62B23F2E-E3C0-39AF-8B17-058D82A0700F}.MinSizeRel|x64.ActiveCfg = MinSizeRel|x64
		{62B23F2E-E3C0-39AF-8B17-058D82A0700F}.MinSizeRel|x64.Build.0 = MinSizeRel|x64
		{62B23F2E-E3C0-39AF-8B17-058D82A0700F}.RelWithDebInfo|x64.ActiveCfg = RelWithDebInfo|x64
		{62B23F2E-E3C0-39AF-8B17-058D82A0700F}.RelWithDebInfo|x64.Build.0 = RelWithDebInfo|x64
		{E626181B-BB40-3DC3-BFD4-2F497C4CBFDF}.Debug|x64.ActiveCfg = Debug|x64
		{E626181B-BB40-3DC3-BFD4-2F497C4CBFDF}.Debug|x64.Build.0 = Debug|x64
		{E626181B-BB40-3DC3-BFD4-2F497C4CBFDF}.Release|x64.ActiveCfg = Release|x64
		{E626181B-BB40-3DC3-BFD4-2F497C4CBFDF}.Release|x64.Build.0 = Release|x64
		{E626181B-BB40-3DC3-BFD4-2F497C4CBFDF}.MinSizeRel|x64.ActiveCfg = MinSizeRel|x64
		{E626181B-BB40-3DC3-BFD4-2F497C4CBFDF}.MinSizeRel|x64.Build.0 = MinSizeRel|x64
		{E626181B-BB40-3DC3-BFD4-2F497C4CBFDF}.RelWithDebInfo|x64.ActiveCfg = RelWithDebInfo|x64
		{E626181B-BB40-3DC3-BFD4-2F497C4CBFDF}.RelWithDebInfo|x64.Build.0 = RelWithDebInfo|x64
		{D825FD5F-294E-3B8B-A7C5-6D0EB01ED7D7}.Debug|x64.ActiveCfg = Debug|x64
		{D825FD5F-294E-3B8B-A7C5-6D0EB01ED7D7}.Debug|x64.Build.0 = Debug|x64
		{D825FD5F-294E-3B8B-A7C5-6D0EB01ED7D7}.Release|x64.ActiveCfg = Release|x64
		{D825FD5F-294E-3B8B-A7C5-6D0EB01ED7D7}.Release|x64.Build.0 = Release|x64
		{D825FD5F-294E-3B8B-A7C5-6D0EB01ED7D7}.MinSizeRel|x64.ActiveCfg = MinSizeRel|x64
		{D825FD5F-294E-3B8B-A7C5-6D0EB01ED7D7}.MinSizeRel|x64.Build.0 = MinSizeRel|x64
		{D825FD5F-294E-3B8B-A7C5-6D0EB01ED7D7}.RelWithDebInfo|x64.ActiveCfg = RelWithDebInfo|x64
		{D825FD5F-294E-3B8B-A7C5-6D0EB01ED7D7}.RelWithDebInfo|x64.Build.0 = RelWithDebInfo|x64
		{478CEAAF-7358-3B7B-9892-9852563114AC}.Debug|x64.ActiveCfg = Debug|x64
		{478CEAAF-7358-3B7B-9892-9852563114AC}.Debug|x64.Build.0 = Debug|x64
		{478CEAAF-7358-3B7B-9892-9852563114AC}.Release|x64.ActiveCfg = Release|x64
		{478CEAAF-7358-3B7B-9892-9852563114AC}.Release|x64.Build.0 = Release|x64
		{478CEAAF-7358-3B7B-9892-9852563114AC}.MinSizeRel|x64.ActiveCfg = MinSizeRel|x64
		{478CEAAF-7358-3B7B-9892-9852563114AC}.MinSizeRel|x64.Build.0 = MinSizeRel|x64
		{478CEAAF-7358-3B7B-9892-9852563114AC}.RelWithDebInfo|x64.ActiveCfg = RelWithDebInfo|x64
		{478CEAAF-7358-3B7B-9892-9852563114AC}.RelWithDebInfo|x64.Build.0 = RelWithDebInfo|x64
		{680F0673-29A3-3578-B89B-53674965142F}.Debug|x64.ActiveCfg = Debug|x64
		{680F0673-29A3-3578-B89B-53674965142F}.Debug|x64.Build.0 = Debug|x64
		{680F0673-29A3-3578-B89B-53674965142F}.Release|x64.ActiveCfg = Release|x64
		{680F0673-29A3-3578-B89B-53674965142F}.Release|x64.Build.0 = Release|x64
		{680F0673-29A3-3578-B89B-53674965142F}.MinSizeRel|x64.ActiveCfg = MinSizeRel|x64
		{680F0673-29A3-3578-B89B-53674965142F}.MinSizeRel|x64.Build.0 = MinSizeRel|x64
		{680F0673-29A3-3578-B89B-53674965142F}.RelWithDebInfo|x64.ActiveCfg = RelWithDebInfo|x64
		{680F0673-29A3-3578-B89B-53674965142F}.RelWithDebInfo|x64.Build.0 = RelWithDebInfo|x64
		{332F7BDB-CF75-3853-924A-1DF7A0CF9A96}.Debug|x64.ActiveCfg = Debug|x64
		{332F7BDB-CF75-3853-924A-1DF7A0CF9A96}.Debug|x64.Build.0 = Debug|x64
		{332F7BDB-CF75-3853-924A-1DF7A0CF9A96}.Release|x64.ActiveCfg = Release|x64
		{332F7BDB-CF75-3853-924A-1DF7A0CF9A96}.Release|x64.Build.0 = Release|x64
		{332F7BDB-CF75-3853-924A-1DF7A0CF9A96}.MinSizeRel|x64.ActiveCfg = MinSizeRel|x64
		{332F7BDB-CF75-3853-924A-1DF7A0CF9A96}.MinSizeRel|x64.Build.0 = MinSizeRel|x64
		{332F7BDB-CF75-3853-924A-1DF7A0CF9A96}.RelWithDebInfo|x64.ActiveCfg = RelWithDebInfo|x64
		{332F7BDB-CF75-3853-924A-1DF7A0CF9A96}.RelWithDebInfo|x64.Build.0 = RelWithDebInfo|x64
		{52C93DE9-476F-35ED-82C1-744A7759315F}.Debug|x64.ActiveCfg = Debug|x64
		{52C93DE9-476F-35ED-82C1-744A7759315F}.Debug|x64.Build.0 = Debug|x64
		{52C93DE9-476F-35ED-82C1-744A7759315F}.Release|x64.ActiveCfg = Release|x64
		{52C93DE9-476F-35ED-82C1-744A7759315F}.Release|x64.Build.0 = Release|x64
		{52C93DE9-476F-35ED-82C1-744A7759315F}.MinSizeRel|x64.ActiveCfg = MinSizeRel|x64
		{52C93DE9-476F-35ED-82C1-744A7759315F}.MinSizeRel|x64.Build.0 = MinSizeRel|x64
		{52C93DE9-476F-35ED-82C1-744A7759315F}.RelWithDebInfo|x64.ActiveCfg = RelWithDebInfo|x64
		{52C93DE9-476F-35ED-82C1-744A7759315F}.RelWithDebInfo|x64.Build.0 = RelWithDebInfo|x64
		{29A6C9B8-7FE9-3B22-80DD-D26AFB847722}.Debug|x64.ActiveCfg = Debug|x64
		{29A6C9B8-7FE9-3B22-80DD-D26AFB847722}.Debug|x64.Build.0 = Debug|x64
		{29A6C9B8-7FE9-3B22-80DD-D26AFB847722}.Release|x64.ActiveCfg = Release|x64
		{29A6C9B8-7FE9-3B22-80DD-D26AFB847722}.Release|x64.Build.0 = Release|x64
		{29A6C9B8-7FE9-3B22-80DD-D26AFB847722}.MinSizeRel|x64.ActiveCfg = MinSizeRel|x64
		{29A6C9B8-7FE9-3B22-80DD-D26AFB847722}.MinSizeRel|x64.Build.0 = MinSizeRel|x64
		{29A6C9B8-7FE9-3B22-80DD-D26AFB847722}.RelWithDebInfo|x64.ActiveCfg = RelWithDebInfo|x64
		{29A6C9B8-7FE9-3B22-80DD-D26AFB847722}.RelWithDebInfo|x64.Build.0 = RelWithDebInfo|x64
		{D0603846-9F66-3E15-88F9-2E2B97015E68}.Debug|x64.ActiveCfg = Debug|x64
		{D0603846-9F66-3E15-88F9-2E2B97015E68}.Debug|x64.Build.0 = Debug|x64
		{D0603846-9F66-3E15-88F9-2E2B97015E68}.Release|x64.ActiveCfg = Release|x64
		{D0603846-9F66-3E15-88F9-2E2B97015E68}.Release|x64.Build.0 = Release|x64
		{D0603846-9F66-3E15-88F9-2E2B97015E68}.MinSizeRel|x64.ActiveCfg = MinSizeRel|x64
		{D0603846-9F66-3E15-88F9-2E2B97015E68}.MinSizeRel|x64.Build.0 = MinSizeRel|x64
		{D0603846-9F66-3E15-88F9-2E2B97015E68}.RelWithDebInfo|x64.ActiveCfg = RelWithDebInfo|x64
		{D0603846-9F66-3E15-88F9-2E2B97015E68}.RelWithDebInfo|x64.Build.0 = RelWithDebInfo|x64
		{A12B6F80-66A3-3234-B9D8-B8E896EEE56C}.Debug|x64.ActiveCfg = Debug|x64
		{A12B6F80-66A3-3234-B9D8-B8E896EEE56C}.Debug|x64.Build.0 = Debug|x64
		{A12B6F80-66A3-3234-B9D8-B8E896EEE56C}.Release|x64.ActiveCfg = Release|x64
		{A12B6F80-66A3-3234-B9D8-B8E896EEE56C}.Release|x64.Build.0 = Release|x64
		{A12B6F80-66A3-3234-B9D8-B8E896EEE56C}.MinSizeRel|x64.ActiveCfg = MinSizeRel|x64
		{A12B6F80-66A3-3234-B9D8-B8E896EEE56C}.MinSizeRel|x64.Build.0 = MinSizeRel|x64
		{A12B6F80-66A3-3234-B9D8-B8E896EEE56C}.RelWithDebInfo|x64.ActiveCfg = RelWithDebInfo|x64
		{A12B6F80-66A3-3234-B9D8-B8E896EEE56C}.RelWithDebInfo|x64.Build.0 = RelWithDebInfo|x64
		{25C5C5F5-4A9E-3214-8B03-EF7280E6D8C4}.Debug|x64.ActiveCfg = Debug|x64
		{25C5C5F5-4A9E-3214-8B03-EF7280E6D8C4}.Release|x64.ActiveCfg = Release|x64
		{25C5C5F5-4A9E-3214-8B03-EF7280E6D8C4}.MinSizeRel|x64.ActiveCfg = MinSizeRel|x64
		{25C5C5F5-4A9E-3214-8B03-EF7280E6D8C4}.RelWithDebInfo|x64.ActiveCfg = RelWithDebInfo|x64
	EndGlobalSection
	GlobalSection(NestedProjects) = preSolution
		{EB7B005B-F01E-3B49-99A5-CBAD80D964E8} = {259AB5DD-D9E0-3058-917E-25FD5E777C1E}
		{AA3BED69-9B1A-3431-AD7F-2844BACA4507} = {259AB5DD-D9E0-3058-917E-25FD5E777C1E}
		{29A6C9B8-7FE9-3B22-80DD-D26AFB847722} = {259AB5DD-D9E0-3058-917E-25FD5E777C1E}
		{3F827C1B-9AD5-359E-B13E-B1CB2CB01D16} = {3D8F57C4-95EB-38FB-BBB6-D9EFD53B5633}
		{5D78291A-6DAA-313B-A7BE-5CDB2985DDF2} = {3D8F57C4-95EB-38FB-BBB6-D9EFD53B5633}
		{620594E2-2C6F-3155-B0C2-D20BF907C878} = {3D8F57C4-95EB-38FB-BBB6-D9EFD53B5633}
		{F1CDB396-6637-3F73-A881-B7D0F9215FD4} = {3D8F57C4-95EB-38FB-BBB6-D9EFD53B5633}
		{E3333157-84E0-3282-A117-665EC6EC2ACA} = {C8AFF807-7A1C-3894-B3A2-3134E5371AC0}
		{636554A4-E505-324E-A4DD-52E591EAF4D4} = {C8AFF807-7A1C-3894-B3A2-3134E5371AC0}
		{C37A8380-F62C-33C6-A501-584DA36AB3E8} = {C8AFF807-7A1C-3894-B3A2-3134E5371AC0}
		{01621665-48B2-30A3-B770-D08A2AA89697} = {C8AFF807-7A1C-3894-B3A2-3134E5371AC0}
		{DDB826C8-6FF3-3BC5-8153-2A8C79EF7130} = {C8AFF807-7A1C-3894-B3A2-3134E5371AC0}
		{4FBC4B26-AD5F-3FFC-AB9C-BF996DAD762D} = {C8AFF807-7A1C-3894-B3A2-3134E5371AC0}
		{1EEC5F24-BB0A-3855-A503-26BC98D30835} = {C8AFF807-7A1C-3894-B3A2-3134E5371AC0}
		{D07A56B4-EC7F-3400-87BF-ABE9C621E324} = {C8AFF807-7A1C-3894-B3A2-3134E5371AC0}
		{250D239F-13E7-3512-9AC4-79C773A212AA} = {C8AFF807-7A1C-3894-B3A2-3134E5371AC0}
		{44E81FCB-1DA7-32B8-8BC8-288C08D70553} = {C8AFF807-7A1C-3894-B3A2-3134E5371AC0}
		{F9DC782C-3419-3AFC-870E-B6FF76A01B95} = {C8AFF807-7A1C-3894-B3A2-3134E5371AC0}
		{FFE266AD-3802-3D36-ACEB-849D390D1A7C} = {C8AFF807-7A1C-3894-B3A2-3134E5371AC0}
		{183EEA3F-C495-3202-9664-E2A9265C5110} = {C8AFF807-7A1C-3894-B3A2-3134E5371AC0}
		{15849A60-93C2-3199-9730-485D63D0C946} = {C8AFF807-7A1C-3894-B3A2-3134E5371AC0}
		{62B23F2E-E3C0-39AF-8B17-058D82A0700F} = {C8AFF807-7A1C-3894-B3A2-3134E5371AC0}
		{E626181B-BB40-3DC3-BFD4-2F497C4CBFDF} = {C8AFF807-7A1C-3894-B3A2-3134E5371AC0}
		{D825FD5F-294E-3B8B-A7C5-6D0EB01ED7D7} = {C8AFF807-7A1C-3894-B3A2-3134E5371AC0}
		{478CEAAF-7358-3B7B-9892-9852563114AC} = {C8AFF807-7A1C-3894-B3A2-3134E5371AC0}
		{332F7BDB-CF75-3853-924A-1DF7A0CF9A96} = {C8AFF807-7A1C-3894-B3A2-3134E5371AC0}
		{B95E9599-3957-3A70-BB05-3CA5E622263A} = {949F409E-74C2-3C92-83BA-866653BC59A8}
		{92B59793-8260-3A22-8554-50ACE5956EDF} = {949F409E-74C2-3C92-83BA-866653BC59A8}
		{D0603846-9F66-3E15-88F9-2E2B97015E68} = {949F409E-74C2-3C92-83BA-866653BC59A8}
		{A12B6F80-66A3-3234-B9D8-B8E896EEE56C} = {949F409E-74C2-3C92-83BA-866653BC59A8}
		{25C5C5F5-4A9E-3214-8B03-EF7280E6D8C4} = {B95E9599-3957-3A70-BB05-3CA5E622263A}
		{024A87B7-CD9A-3120-AF55-91320064C023} = {572C036D-0172-3D7B-81A6-9CC07EB34D73}
		{1AD70DF0-01B6-376B-BB09-C15A025FE088} = {572C036D-0172-3D7B-81A6-9CC07EB34D73}
		{FCFD396A-3804-3935-83D5-12CD26FA9119} = {024A87B7-CD9A-3120-AF55-91320064C023}
		{46AD492A-B939-3755-977C-F981DEC2EA1E} = {1AD70DF0-01B6-376B-BB09-C15A025FE088}
	EndGlobalSection
	GlobalSection(ExtensibilityGlobals) = postSolution
		SolutionGuid = {09D0E276-F71C-38E6-9F55-3D22029BF49A}
	EndGlobalSection
	GlobalSection(ExtensibilityAddIns) = postSolution
	EndGlobalSection
EndGlobal
