<?xml version="1.0" encoding="utf-8"?>
<Project ToolsVersion="17.0" xmlns="http://schemas.microsoft.com/developer/msbuild/2003">
  <ItemGroup>
    <ClCompile Include="D:\master\vr\final2\PositionBasedDynamics\Utils\IndexedFaceMesh.cpp">
      <Filter>Source Files</Filter>
    </ClCompile>
    <ClCompile Include="D:\master\vr\final2\PositionBasedDynamics\Utils\IndexedTetMesh.cpp">
      <Filter>Source Files</Filter>
    </ClCompile>
    <ClCompile Include="D:\master\vr\final2\PositionBasedDynamics\Utils\SceneLoader.cpp">
      <Filter>Source Files</Filter>
    </ClCompile>
    <ClCompile Include="D:\master\vr\final2\PositionBasedDynamics\Utils\TetGenLoader.cpp">
      <Filter>Source Files</Filter>
    </ClCompile>
    <ClCompile Include="D:\master\vr\final2\PositionBasedDynamics\Utils\VolumeIntegration.cpp">
      <Filter>Source Files</Filter>
    </ClCompile>
  </ItemGroup>
  <ItemGroup>
    <ClInclude Include="D:\master\vr\final2\PositionBasedDynamics\Utils\FileSystem.h">
      <Filter>Header Files</Filter>
    </ClInclude>
    <ClInclude Include="D:\master\vr\final2\PositionBasedDynamics\Utils\Hashmap.h">
      <Filter>Header Files</Filter>
    </ClInclude>
    <ClInclude Include="D:\master\vr\final2\PositionBasedDynamics\Utils\IndexedFaceMesh.h">
      <Filter>Header Files</Filter>
    </ClInclude>
    <ClInclude Include="D:\master\vr\final2\PositionBasedDynamics\Utils\IndexedTetMesh.h">
      <Filter>Header Files</Filter>
    </ClInclude>
    <ClInclude Include="D:\master\vr\final2\PositionBasedDynamics\Utils\Logger.h">
      <Filter>Header Files</Filter>
    </ClInclude>
    <ClInclude Include="D:\master\vr\final2\PositionBasedDynamics\Utils\OBJLoader.h">
      <Filter>Header Files</Filter>
    </ClInclude>
    <ClInclude Include="D:\master\vr\final2\PositionBasedDynamics\Utils\PLYLoader.h">
      <Filter>Header Files</Filter>
    </ClInclude>
    <ClInclude Include="D:\master\vr\final2\PositionBasedDynamics\Utils\SceneLoader.h">
      <Filter>Header Files</Filter>
    </ClInclude>
    <ClInclude Include="D:\master\vr\final2\PositionBasedDynamics\Utils\StringTools.h">
      <Filter>Header Files</Filter>
    </ClInclude>
    <ClInclude Include="D:\master\vr\final2\PositionBasedDynamics\Utils\SystemInfo.h">
      <Filter>Header Files</Filter>
    </ClInclude>
    <ClInclude Include="D:\master\vr\final2\PositionBasedDynamics\Utils\TetGenLoader.h">
      <Filter>Header Files</Filter>
    </ClInclude>
    <ClInclude Include="D:\master\vr\final2\PositionBasedDynamics\Utils\Timing.h">
      <Filter>Header Files</Filter>
    </ClInclude>
    <ClInclude Include="D:\master\vr\final2\PositionBasedDynamics\Utils\Version.h">
      <Filter>Header Files</Filter>
    </ClInclude>
    <ClInclude Include="D:\master\vr\final2\PositionBasedDynamics\Utils\VolumeIntegration.h">
      <Filter>Header Files</Filter>
    </ClInclude>
  </ItemGroup>
  <ItemGroup>
    <CustomBuild Include="D:\master\vr\final2\PositionBasedDynamics\Utils\CMakeLists.txt" />
  </ItemGroup>
  <ItemGroup>
    <Filter Include="Header Files">
      <UniqueIdentifier>{9EB59DE8-1D39-33C1-896B-5D70EC3E216C}</UniqueIdentifier>
    </Filter>
    <Filter Include="Source Files">
      <UniqueIdentifier>{EC0B62F7-962A-3165-983F-6EDC03AFFA29}</UniqueIdentifier>
    </Filter>
  </ItemGroup>
</Project>
