<?xml version="1.0" encoding="utf-8"?>
<Project ToolsVersion="17.0" xmlns="http://schemas.microsoft.com/developer/msbuild/2003">
  <ItemGroup>
    <CustomBuild Include="D:\master\vr\final2\PositionBasedDynamics\build-vs2\GenericParameters\src\Ext_GenericParameters-build\CMakeFiles\9809d36c85ccf8ec7b2446b77f150e9a\INSTALL_force.rule">
      <Filter>CMake Rules</Filter>
    </CustomBuild>
  </ItemGroup>
  <ItemGroup>
    <Filter Include="CMake Rules">
      <UniqueIdentifier>{8D3E927A-827C-3427-9586-0476FF858D09}</UniqueIdentifier>
    </Filter>
  </ItemGroup>
</Project>
